Microsoft Visual Studio Solution File, Format Version 12.00
# Visual Studio 2013
VisualStudioVersion = 12.0.30501.0
MinimumVisualStudioVersion = 10.0.40219.1
Project("{FAE04EC0-301F-11D3-BF4B-00C04F79EFBC}") = "encoder", "src\encoder.csproj", "{99417339-7C0E-433A-9AD4-147DEA8FE52F}"
EndProject
Project("{2150E333-8FDC-42A3-9474-1A3956D46DE8}") = "Solution Items", "Solution Items", "{2C71E59A-6C16-4F5B-8269-65D9060A5E50}"
	ProjectSection(SolutionItems) = preProject
		LICENSE = LICENSE
		README.md = README.md
	EndProjectSection
EndProject
Global
	GlobalSection(SolutionConfigurationPlatforms) = preSolution
		Debug|Any CPU = Debug|Any CPU
		Release|Any CPU = Release|Any CPU
	EndGlobalSection
	GlobalSection(ProjectConfigurationPlatforms) = postSolution
		{99417339-7C0E-433A-9AD4-147DEA8FE52F}.Debug|Any CPU.ActiveCfg = Debug|Any CPU
		{99417339-7C0E-433A-9AD4-147DEA8FE52F}.Debug|Any CPU.Build.0 = Debug|Any CPU
		{99417339-7C0E-433A-9AD4-147DEA8FE52F}.Release|Any CPU.ActiveCfg = Release|Any CPU
		{99417339-7C0E-433A-9AD4-147DEA8FE52F}.Release|Any CPU.Build.0 = Release|Any CPU
	EndGlobalSection
	GlobalSection(SolutionProperties) = preSolution
		HideSolutionNode = FALSE
	EndGlobalSection
EndGlobal
